{
    "_meta": {
        "hash": {
            "sha256": "b30bf18999e2a3103862bcb0bc8c3e4476c035c6aa1e2116509382b375e8f4bc"
        },
        "pipfile-spec": 6,
        "requires": {
            "python_version": "3.8"
        },
        "sources": [
            {
                "name": "pypi",
                "url": "https://pypi.org/simple",
                "verify_ssl": true
            }
        ]
    },
    "default": {
        "certifi": {
            "hashes": [
                "sha256:1a4995114262bffbc2413b159f2a1a480c969de6e6eb13ee966d470af86af59c",
                "sha256:719a74fb9e33b9bd44cc7f3a8d94bc35e4049deebe19ba7d8e108280cfd59830"
            ],
            "version": "==2020.12.5"
        },
        "chardet": {
            "hashes": [
                "sha256:0d6f53a15db4120f2b08c94f11e7d93d2c911ee118b6b30a04ec3ee8310179fa",
                "sha256:f864054d66fd9118f2e67044ac8981a54775ec5b67aed0441892edb553d21da5"
            ],
            "markers": "python_version >= '2.7' and python_version not in '3.0, 3.1, 3.2, 3.3, 3.4'",
            "version": "==4.0.0"
        },
        "click": {
            "hashes": [
                "sha256:d2b5255c7c6349bc1bd1e59e08cd12acbbd63ce649f2588755783aa94dfb6b1a",
                "sha256:dacca89f4bfadd5de3d7489b7c8a566eee0d3676333fbb50030263894c38c0dc"
            ],
            "markers": "python_version >= '2.7' and python_version not in '3.0, 3.1, 3.2, 3.3, 3.4'",
            "version": "==7.1.2"
        },
        "easydict": {
            "hashes": [
                "sha256:3f3f0dab07c299f0f4df032db1f388d985bb57fa4c5be30acd25c5f9a516883b"
            ],
            "index": "pypi",
            "version": "==1.9"
        },
        "filelock": {
            "hashes": [
                "sha256:18d82244ee114f543149c66a6e0c14e9c4f8a1044b5cdaadd0f82159d6a6ff59",
                "sha256:929b7d63ec5b7d6b71b0fa5ac14e030b3f70b75747cef1b10da9b879fef15836"
            ],
            "version": "==3.0.12"
        },
        "idna": {
            "hashes": [
                "sha256:b307872f855b18632ce0c21c5e45be78c0ea7ae4c15c828c20788b26921eb3f6",
                "sha256:b97d804b1e9b523befed77c48dacec60e6dcb0b5391d57af6a65a312a90648c0"
            ],
            "markers": "python_version >= '2.7' and python_version not in '3.0, 3.1, 3.2, 3.3'",
            "version": "==2.10"
        },
        "joblib": {
            "hashes": [
                "sha256:9c17567692206d2f3fb9ecf5e991084254fe631665c450b443761c4186a613f7",
                "sha256:feeb1ec69c4d45129954f1b7034954241eedfd6ba39b5e9e4b6883be3332d5e5"
            ],
            "markers": "python_full_version >= '3.6.0'",
            "version": "==1.0.1"
        },
        "lmdb": {
            "hashes": [
                "sha256:13070c5a11ad5926237f71ff811320e84a0a662ee521a4010f774dedefdf0fa9",
                "sha256:165cd1669b29b16c2d5cc8902b90fede15a7ee475c54d466f1444877a3f511ac",
                "sha256:329bf470e695b2f5992aaba43f3aedeb3905ab4f36ec13c28fca916294b54907",
                "sha256:45846011e833cf3ea25396a2ea019f80ce33b7b66f4ae22342205eb61ea7e514",
                "sha256:61bdb679c05a176c61090d6b72a05128b7c0263653cc2ada8719cdc5b3d28ac7",
                "sha256:666dd52f69fa5c1747e4c944448f32270178d29c974f72db42e5fb65a1707293",
                "sha256:699cfdbbc58d0042bbae551d162b09180155667eda129e4eb5cc0b683583826a",
                "sha256:6ddb6260d9e9f41c3a9a9a3b83af252cdd4f3e2d4116182e7f04fad38a33f82b",
                "sha256:793837ff38c1210fef7b9fb9b44799d5beab409b451322b02c8059cddc3b6334",
                "sha256:8c9e1dd1d03b8c2b0a826a841401416e0fa7925b77e4622aaef7a0492834f022",
                "sha256:94e0e4aedfdcb2b1c93acf5018a41b9e4f25b059afe820568475216014715fe2",
                "sha256:957db1ce4322916930732e9718081198fbd4d92d87d3215a12c2ccffbbe1160a",
                "sha256:98d7e8be2a05fe3af0cf7074b0cefe4de82e81ec7665db0dc1c5cd891aefcfe9",
                "sha256:a8b7ce34a717df6f00d6089e873d45015eee70b4cb68f238c70626c2a588f659",
                "sha256:adf5da578fc7377fa36e9613e4883587c5382420a4f77d63ad78c34769722c19",
                "sha256:b6e87cf3613ba9ac063c6b27b5c76b4687e893d1db38e41ae038824e87849684",
                "sha256:c74788f4b6dc4383117716c2c5c1fd6766654ce0cf2e9e0baf8e6b4d8491c611",
                "sha256:cf07566bf6497fba224f56cc4f99b0ea5636dd163d540d9020e917b155f2235d",
                "sha256:d993ccc3142439be7231e70150e40ed59b9cd58517f35a280b8c84ab40bbc299",
                "sha256:e14b12a0994df68d76ac6665de6bdd04cef2d5816bdf3bd93a19dd5fc6bd1917",
                "sha256:f111c0d924d0ee919471335fb27cdc605749d09c5c46baa7d3a58142b733746a",
                "sha256:f8ee147d5ef7648d1ab3d3ff1af5987b1d44f76a759b10c54872599f1e767b85",
                "sha256:fa82eac04b2625e45b9a5e14086b1428f77485fc9e0b7e3e59918c8a28b1928c"
            ],
            "version": "==1.1.1"
        },
        "ml-pyxis": {
            "file": "https://github.com/vicolab/ml-pyxis/archive/master.zip",
            "hashes": [
                "sha256:e68c02132c283720d35cd708ade7ecac3e489f70a7475ec9c03c4c5915a03fb7"
            ],
            "version": "==0.4.dev0"
        },
        "msgpack": {
            "hashes": [
                "sha256:0cb94ee48675a45d3b86e61d13c1e6f1696f0183f0715544976356ff86f741d9",
                "sha256:1026dcc10537d27dd2d26c327e552f05ce148977e9d7b9f1718748281b38c841",
                "sha256:26a1759f1a88df5f1d0b393eb582ec022326994e311ba9c5818adc5374736439",
                "sha256:2a5866bdc88d77f6e1370f82f2371c9bc6fc92fe898fa2dec0c5d4f5435a2694",
                "sha256:31c17bbf2ae5e29e48d794c693b7ca7a0c73bd4280976d408c53df421e838d2a",
                "sha256:497d2c12426adcd27ab83144057a705efb6acc7e85957a51d43cdcf7f258900f",
                "sha256:5a9ee2540c78659a1dd0b110f73773533ee3108d4e1219b5a15a8d635b7aca0e",
                "sha256:8521e5be9e3b93d4d5e07cb80b7e32353264d143c1f072309e1863174c6aadb1",
                "sha256:87869ba567fe371c4555d2e11e4948778ab6b59d6cc9d8460d543e4cfbbddd1c",
                "sha256:8ffb24a3b7518e843cd83538cf859e026d24ec41ac5721c18ed0c55101f9775b",
                "sha256:92be4b12de4806d3c36810b0fe2aeedd8d493db39e2eb90742b9c09299eb5759",
                "sha256:9ea52fff0473f9f3000987f313310208c879493491ef3ccf66268eff8d5a0326",
                "sha256:a4355d2193106c7aa77c98fc955252a737d8550320ecdb2e9ac701e15e2943bc",
                "sha256:a99b144475230982aee16b3d249170f1cccebf27fb0a08e9f603b69637a62192",
                "sha256:ac25f3e0513f6673e8b405c3a80500eb7be1cf8f57584be524c4fa78fe8e0c83",
                "sha256:b28c0876cce1466d7c2195d7658cf50e4730667196e2f1355c4209444717ee06",
                "sha256:b55f7db883530b74c857e50e149126b91bb75d35c08b28db12dcb0346f15e46e",
                "sha256:b6d9e2dae081aa35c44af9c4298de4ee72991305503442a5c74656d82b581fe9",
                "sha256:c747c0cc08bd6d72a586310bda6ea72eeb28e7505990f342552315b229a19b33",
                "sha256:d6c64601af8f3893d17ec233237030e3110f11b8a962cb66720bf70c0141aa54",
                "sha256:d8167b84af26654c1124857d71650404336f4eb5cc06900667a493fc619ddd9f",
                "sha256:de6bd7990a2c2dabe926b7e62a92886ccbf809425c347ae7de277067f97c2887",
                "sha256:e36a812ef4705a291cdb4a2fd352f013134f26c6ff63477f20235138d1d21009",
                "sha256:e89ec55871ed5473a041c0495b7b4e6099f6263438e0bd04ccd8418f92d5d7f2",
                "sha256:f3e6aaf217ac1c7ce1563cf52a2f4f5d5b1f64e8729d794165db71da57257f0c",
                "sha256:f484cd2dca68502de3704f056fa9b318c94b1539ed17a4c784266df5d6978c87",
                "sha256:fae04496f5bc150eefad4e9571d1a76c55d021325dcd484ce45065ebbdd00984",
                "sha256:fe07bc6735d08e492a327f496b7850e98cb4d112c56df69b0c844dbebcbb47f6"
            ],
            "version": "==1.0.2"
        },
        "numpy": {
            "hashes": [
                "sha256:032be656d89bbf786d743fee11d01ef318b0781281241997558fa7950028dd29",
                "sha256:104f5e90b143dbf298361a99ac1af4cf59131218a045ebf4ee5990b83cff5fab",
                "sha256:125a0e10ddd99a874fd357bfa1b636cd58deb78ba4a30b5ddb09f645c3512e04",
                "sha256:12e4ba5c6420917571f1a5becc9338abbde71dd811ce40b37ba62dec7b39af6d",
                "sha256:13adf545732bb23a796914fe5f891a12bd74cf3d2986eed7b7eba2941eea1590",
                "sha256:2d7e27442599104ee08f4faed56bb87c55f8b10a5494ac2ead5c98a4b289e61f",
                "sha256:3bc63486a870294683980d76ec1e3efc786295ae00128f9ea38e2c6e74d5a60a",
                "sha256:3d3087e24e354c18fb35c454026af3ed8997cfd4997765266897c68d724e4845",
                "sha256:4ed8e96dc146e12c1c5cdd6fb9fd0757f2ba66048bf94c5126b7efebd12d0090",
                "sha256:60759ab15c94dd0e1ed88241fd4fa3312db4e91d2c8f5a2d4cf3863fad83d65b",
                "sha256:65410c7f4398a0047eea5cca9b74009ea61178efd78d1be9847fac1d6716ec1e",
                "sha256:66b467adfcf628f66ea4ac6430ded0614f5cc06ba530d09571ea404789064adc",
                "sha256:7199109fa46277be503393be9250b983f325880766f847885607d9b13848f257",
                "sha256:72251e43ac426ff98ea802a931922c79b8d7596480300eb9f1b1e45e0543571e",
                "sha256:89e5336f2bec0c726ac7e7cdae181b325a9c0ee24e604704ed830d241c5e47ff",
                "sha256:89f937b13b8dd17b0099c7c2e22066883c86ca1575a975f754babc8fbf8d69a9",
                "sha256:9c94cab5054bad82a70b2e77741271790304651d584e2cdfe2041488e753863b",
                "sha256:9eb551d122fadca7774b97db8a112b77231dcccda8e91a5bc99e79890797175e",
                "sha256:a1d7995d1023335e67fb070b2fae6f5968f5be3802b15ad6d79d81ecaa014fe0",
                "sha256:ae61f02b84a0211abb56462a3b6cd1e7ec39d466d3160eb4e1da8bf6717cdbeb",
                "sha256:b9410c0b6fed4a22554f072a86c361e417f0258838957b78bd063bde2c7f841f",
                "sha256:c26287dfc888cf1e65181f39ea75e11f42ffc4f4529e5bd19add57ad458996e2",
                "sha256:c91ec9569facd4757ade0888371eced2ecf49e7982ce5634cc2cf4e7331a4b14",
                "sha256:ecb5b74c702358cdc21268ff4c37f7466357871f53a30e6f84c686952bef16a9"
            ],
            "markers": "python_version >= '3.7'",
            "version": "==1.20.1"
        },
        "packaging": {
            "hashes": [
                "sha256:5b327ac1320dc863dca72f4514ecc086f31186744b84a230374cc1fd776feae5",
                "sha256:67714da7f7bc052e064859c05c595155bd1ee9f69f76557e21f051443c20947a"
            ],
            "markers": "python_version >= '2.7' and python_version not in '3.0, 3.1, 3.2, 3.3'",
            "version": "==20.9"
        },
        "protobuf": {
            "hashes": [
                "sha256:0f2da2fcc4102b6c3b57f03c9d8d5e37c63f8bc74deaa6cb54e0cc4524a77247",
                "sha256:1655fc0ba7402560d749de13edbfca1ac45d1753d8f4e5292989f18f5a00c215",
                "sha256:1771ef20e88759c4d81db213e89b7a1fc53937968e12af6603c658ee4bcbfa38",
                "sha256:1a66261a402d05c8ad8c1fde8631837307bf8d7e7740a4f3941fc3277c2e1528",
                "sha256:24f4697f57b8520c897a401b7f9a5ae45c369e22c572e305dfaf8053ecb49687",
                "sha256:256c0b2e338c1f3228d3280707606fe5531fde85ab9d704cde6fdeb55112531f",
                "sha256:2b974519a2ae83aa1e31cff9018c70bbe0e303a46a598f982943c49ae1d4fcd3",
                "sha256:30fe4249a364576f9594180589c3f9c4771952014b5f77f0372923fc7bafbbe2",
                "sha256:45a91fc6f9aa86d3effdeda6751882b02de628519ba06d7160daffde0c889ff8",
                "sha256:70054ae1ce5dea7dec7357db931fcf487f40ea45b02cb719ee6af07eb1e906fb",
                "sha256:74ac159989e2b02d761188a2b6f4601ff5e494d9b9d863f5ad6e98e5e0c54328",
                "sha256:822ac7f87fc2fb9b24edd2db390538b60ef50256e421ca30d65250fad5a3d477",
                "sha256:83c7c7534f050cb25383bb817159416601d1cc46c40bc5e851ec8bbddfc34a2f",
                "sha256:88d8f21d1ac205eedb6dea943f8204ed08201b081dba2a966ab5612788b9bb1e",
                "sha256:9ec20a6ded7d0888e767ad029dbb126e604e18db744ac0a428cf746e040ccecd",
                "sha256:9ec220d90eda8bb7a7a1434a8aed4fe26d7e648c1a051c2885f3f5725b6aa71a",
                "sha256:b9069e45b6e78412fba4a314ea38b4a478686060acf470d2b131b3a2c50484ec",
                "sha256:d9ed0955b794f1e5f367e27f8a8ff25501eabe34573f003f06639c366ca75f73",
                "sha256:eaada29bbf087dea7d8bce4d1d604fc768749e8809e9c295922accd7c8fce4d5",
                "sha256:eac23a3e56175b710f3da9a9e8e2aa571891fbec60e0c5a06db1c7b1613b5cfd"
            ],
            "version": "==3.15.6"
        },
        "pyparsing": {
            "hashes": [
                "sha256:c203ec8783bf771a155b207279b9bccb8dea02d8f0c9e5f8ead507bc3246ecc1",
                "sha256:ef9d7589ef3c200abe66653d3f1ab1033c3c419ae9b9bdb1240a85b024efc88b"
            ],
            "markers": "python_version >= '2.6' and python_version not in '3.0, 3.1, 3.2, 3.3'",
            "version": "==2.4.7"
        },
        "regex": {
            "hashes": [
                "sha256:07ef35301b4484bce843831e7039a84e19d8d33b3f8b2f9aab86c376813d0139",
                "sha256:13f50969028e81765ed2a1c5fcfdc246c245cf8d47986d5172e82ab1a0c42ee5",
                "sha256:14de88eda0976020528efc92d0a1f8830e2fb0de2ae6005a6fc4e062553031fa",
                "sha256:159fac1a4731409c830d32913f13f68346d6b8e39650ed5d704a9ce2f9ef9cb3",
                "sha256:18e25e0afe1cf0f62781a150c1454b2113785401ba285c745acf10c8ca8917df",
                "sha256:201e2619a77b21a7780580ab7b5ce43835e242d3e20fef50f66a8df0542e437f",
                "sha256:360a01b5fa2ad35b3113ae0c07fb544ad180603fa3b1f074f52d98c1096fa15e",
                "sha256:39c44532d0e4f1639a89e52355b949573e1e2c5116106a395642cbbae0ff9bcd",
                "sha256:3d9356add82cff75413bec360c1eca3e58db4a9f5dafa1f19650958a81e3249d",
                "sha256:3d9a7e215e02bd7646a91fb8bcba30bc55fd42a719d6b35cf80e5bae31d9134e",
                "sha256:4651f839dbde0816798e698626af6a2469eee6d9964824bb5386091255a1694f",
                "sha256:486a5f8e11e1f5bbfcad87f7c7745eb14796642323e7e1829a331f87a713daaa",
                "sha256:4b8a1fb724904139149a43e172850f35aa6ea97fb0545244dc0b805e0154ed68",
                "sha256:4c0788010a93ace8a174d73e7c6c9d3e6e3b7ad99a453c8ee8c975ddd9965643",
                "sha256:4c2e364491406b7888c2ad4428245fc56c327e34a5dfe58fd40df272b3c3dab3",
                "sha256:575a832e09d237ae5fedb825a7a5bc6a116090dd57d6417d4f3b75121c73e3be",
                "sha256:5770a51180d85ea468234bc7987f5597803a4c3d7463e7323322fe4a1b181578",
                "sha256:633497504e2a485a70a3268d4fc403fe3063a50a50eed1039083e9471ad0101c",
                "sha256:63f3ca8451e5ff7133ffbec9eda641aeab2001be1a01878990f6c87e3c44b9d5",
                "sha256:709f65bb2fa9825f09892617d01246002097f8f9b6dde8d1bb4083cf554701ba",
                "sha256:808404898e9a765e4058bf3d7607d0629000e0a14a6782ccbb089296b76fa8fe",
                "sha256:882f53afe31ef0425b405a3f601c0009b44206ea7f55ee1c606aad3cc213a52c",
                "sha256:8bd4f91f3fb1c9b1380d6894bd5b4a519409135bec14c0c80151e58394a4e88a",
                "sha256:8e65e3e4c6feadf6770e2ad89ad3deb524bcb03d8dc679f381d0568c024e0deb",
                "sha256:976a54d44fd043d958a69b18705a910a8376196c6b6ee5f2596ffc11bff4420d",
                "sha256:a0d04128e005142260de3733591ddf476e4902c0c23c1af237d9acf3c96e1b38",
                "sha256:a0df9a0ad2aad49ea3c7f65edd2ffb3d5c59589b85992a6006354f6fb109bb18",
                "sha256:a2ee026f4156789df8644d23ef423e6194fad0bc53575534101bb1de5d67e8ce",
                "sha256:a59a2ee329b3de764b21495d78c92ab00b4ea79acef0f7ae8c1067f773570afa",
                "sha256:b97ec5d299c10d96617cc851b2e0f81ba5d9d6248413cd374ef7f3a8871ee4a6",
                "sha256:b98bc9db003f1079caf07b610377ed1ac2e2c11acc2bea4892e28cc5b509d8d5",
                "sha256:b9d8d286c53fe0cbc6d20bf3d583cabcd1499d89034524e3b94c93a5ab85ca90",
                "sha256:bcd945175c29a672f13fce13a11893556cd440e37c1b643d6eeab1988c8b209c",
                "sha256:c66221e947d7207457f8b6f42b12f613b09efa9669f65a587a2a71f6a0e4d106",
                "sha256:c782da0e45aff131f0bed6e66fbcfa589ff2862fc719b83a88640daa01a5aff7",
                "sha256:cb4ee827857a5ad9b8ae34d3c8cc51151cb4a3fe082c12ec20ec73e63cc7c6f0",
                "sha256:d47d359545b0ccad29d572ecd52c9da945de7cd6cf9c0cfcb0269f76d3555689",
                "sha256:dc9963aacb7da5177e40874585d7407c0f93fb9d7518ec58b86e562f633f36cd",
                "sha256:ea2f41445852c660ba7c3ebf7d70b3779b20d9ca8ba54485a17740db49f46932",
                "sha256:f5d0c921c99297354cecc5a416ee4280bd3f20fd81b9fb671ca6be71499c3fdf",
                "sha256:f85d6f41e34f6a2d1607e312820971872944f1661a73d33e1e82d35ea3305e14"
            ],
            "version": "==2021.3.17"
        },
        "requests": {
            "hashes": [
                "sha256:27973dd4a904a4f13b263a19c866c13b92a39ed1c964655f025f3f8d3d75b804",
                "sha256:c210084e36a42ae6b9219e00e48287def368a26d03a048ddad7bfee44f75871e"
            ],
            "markers": "python_version >= '2.7' and python_version not in '3.0, 3.1, 3.2, 3.3, 3.4'",
            "version": "==2.25.1"
        },
        "sacremoses": {
            "hashes": [
                "sha256:123c1bf2664351fb05e16f87d3786dbe44a050cfd7b85161c09ad9a63a8e2948"
            ],
            "version": "==0.0.43"
        },
        "sentencepiece": {
            "hashes": [
                "sha256:123ac26429025b3153f8bae53d044e9dd29539e888dcb9f39a4982e6daf9dbe9",
                "sha256:21a2e9f476f0c3e45da1e5da00b7ec5241bbddb524bd7b1b3d61b1bcbc05efa6",
                "sha256:30224b1f77af9cef79ffe3a40ed0e536be44df75c066f771e9e769b48379bd98",
                "sha256:3b4175a9d883a3b27436d51cb82794e3a62d0955bb36cc96d5d7932095c13135",
                "sha256:51c25d504beeef4c697b8f55e2baf7c6b31733a190ff9b983a6db57faa59d3d8",
                "sha256:53f4a91c8a6b55a75caad70d9f34bf331a576e9708c549729b06412c857aacb9",
                "sha256:679fcdd01e01d990950a46a814210445f2202260d092d3b69f9826739d8aed2b",
                "sha256:70b4164c98dba43246a068c848fab5ac9966b5bcd731ee4cb9bcf6ae976389a4",
                "sha256:796726d680d6c26f0f4ff213a0f6b1ef790b02071268adf5f449739c1c903f93",
                "sha256:79ad2f82b412859c516b569fb89b5e5c0ceba74d71c8d4b99cc8a2c734f3c79d",
                "sha256:7fcda06cab76136346dd279268664c65f0b66bb2147ceb97e2cec25b426e8210",
                "sha256:82d819eb1e997b39424d7422aa885d2ef514f754dd2935a4f4fcfdedeee955c6",
                "sha256:8bbb9173168d53165ba00172a5db7734e4826c30e6ffc4b3f8a6098713f6111d",
                "sha256:9bdff324279359598a516de8413fd2c62bc3c9c8f569f4431829599fbe57e417",
                "sha256:a04218f1b93b5669f3cee1dc8d6c397428e2f6af8843a20ddb2b629f6a86e632",
                "sha256:b3643634e043fd7a5914d51d7dc60003dad0af976b8496df0406a487b0b83a8e",
                "sha256:b858805ac3c6d92e5454a89476b1f9e0505e1511276cd258d5a70776c70374f1",
                "sha256:c0b01bb8ab3b62aba76d6b0851a1d0fcf5df5ef5616f114ea85917d8ab5f59db",
                "sha256:c2a004470d388272d6c17ca160ef73d6ea1ffcddc345771d817ece5c85d85dcb",
                "sha256:f0b383de68604195fe806072e7c8837eb5156455dfdb18fd26a9a94df3f57d42",
                "sha256:f1c0cf36fcff4a3ea8925babc3ed7f5f3d58628e062b24f9fad92c400bc9210c",
                "sha256:f2f109514b28326d5c6d69b43ba6b08e6fedf8fc77416b9a9c16be55c9ac138d",
                "sha256:f331fd58f438d5d5476d189e9a4944c84f7e4b027533809292b9c119b58e43b8",
                "sha256:f9700cf607ea064d9fad34c751fbf49953dcc56fe68c54b277481aa0aec5c18f"
            ],
            "version": "==0.1.91"
        },
        "six": {
            "hashes": [
                "sha256:30639c035cdb23534cd4aa2dd52c3bf48f06e5f4a941509c8bafd8ce11080259",
                "sha256:8b74bedcbbbaca38ff6d7491d76f2b06b3592611af620f8426e82dddb04a5ced"
            ],
            "markers": "python_version >= '2.7' and python_version not in '3.0, 3.1, 3.2, 3.3'",
            "version": "==1.15.0"
        },
        "tokenizers": {
            "hashes": [
                "sha256:0f30e6a9ea56cc8d999b17142f121ddb24b005b9fce936e7df47cdff1f55edcc",
                "sha256:219dafb24d26a10bd4162372901ac886254e1c6bf6510dde85df282469231eaf",
                "sha256:27ec3543e6e5701586804b1536cf687d44f8167871bd84ab01e5700cbfa969ec",
                "sha256:2d875e019e39bce56c35a126ef4338345d97bf5e53730c68d0f7128a05c3d6c0",
                "sha256:3100ed9051558a3b2a9c2b7dda6880328a7c4c0736be72d279b0029339d55789",
                "sha256:3f199b1042d56837b5764c212874510f8eab7702d7486fdb626432465717e4f7",
                "sha256:424d8ab61b0b0afadf4d88beded036cb801e3a4ddba6804621568cefd5ddb317",
                "sha256:5b35be31ca999f9fb4732d947fa629104a29af3633e73cf8311cb69948f80165",
                "sha256:a8c197a0d8f8b91cc220315e1617b942d992ae70bade504838b70e49bf5e4454",
                "sha256:b9c5c304bfdba4e703f8828bf4c57d3d65b3c77d2732f5ec81044abe8287f2de",
                "sha256:bacaeb3621055aba9b5158a21dc8b5d80f65724ff47f414f9d06f1e087668d61",
                "sha256:be639a8933206dfd6e1cab26683ce020c03c6a3757d4a1dd5c8854d2bbed09ae",
                "sha256:e2d709d028fe87dc305c767acca2da0425029fa0ae2135a2139ead7de62bc276",
                "sha256:e76f84123695ccfaef734912369edbcb8ed71723196987ffd086e07d00c9d73a",
                "sha256:ea1db6a8ebdf29f0487212c35357574c70f72c7c311406603fabeaa44cc94a12",
                "sha256:ef6208dfdd2536566d0eee06a03da1a74b9c9246ef5c4a213d5afd00f51d0976",
                "sha256:f71161ed25ab649e9291139f7ce6a28cd520de5de9246e2907a19a6f329b9105"
            ],
            "version": "==0.9.3"
        },
        "torch": {
            "hashes": [
                "sha256:2e49cac969976be63117004ee00d0a3e3dd4ea662ad77383f671b8992825de1a",
                "sha256:38d67f4fb189a92a977b2c0a38e4f6dd413e0bf55aa6d40004696df7e40a71ff",
                "sha256:422e64e98d0e100c360993819d0307e5d56e9517b26135808ad68984d577d75a",
                "sha256:5d76c255a41484c1d41a9ff570b9c9f36cb85df9428aa15a58ae16ac7cfc2ea6",
                "sha256:6652a767a0572ae0feb74ad128758e507afd3b8396b6e7f147e438ba8d4c6f63",
                "sha256:a3793dcceb12b1e2281290cca1277c5ce86ddfd5bf044f654285a4d69057aea7",
                "sha256:af464a6f4314a875035e0c4c2b07517599704b214634f4ed3ad2e748c5ef291f",
                "sha256:d241c3f1c4d563e4ba86f84769c23e12606db167ee6f674eedff6d02901462e3",
                "sha256:dd2fc6880c95e836960d86efbbc7f63d3287f2e1893c51d31f96dbfe02f0d73e",
                "sha256:de84b4166e3f7335eb868b51d3bbd909ec33828af27290b4171bce832a55be3c",
                "sha256:e000b94be3aa58ad7f61e7d07cf379ea9366cf6c6874e68bd58ad0bdc537b3a7",
                "sha256:f0aaf657145533824b15f2fd8fde8f8c67fe6c6281088ef588091f03fad90243"
            ],
            "index": "pypi",
            "version": "==1.7.1"
        },
        "tqdm": {
            "hashes": [
                "sha256:9fdf349068d047d4cfbe24862c425883af1db29bcddf4b0eeb2524f6fbdb23c7",
                "sha256:d666ae29164da3e517fcf125e41d4fe96e5bb375cd87ff9763f6b38b5592fe33"
            ],
            "index": "pypi",
            "version": "==4.59.0"
        },
        "transformers": {
            "hashes": [
                "sha256:0d637c6cecc13b12f33f9e79bf5757c85f433c851e3ae7845ff20b6c49f41441",
                "sha256:cefb06c8892e0ce2de1bfc782d2c49af020960ebada8340317306ff606190341"
            ],
            "index": "pypi",
            "version": "==3.5.1"
        },
        "typing-extensions": {
            "hashes": [
                "sha256:7cb407020f00f7bfc3cb3e7881628838e69d8f3fcab2f64742a5e76b2f841918",
                "sha256:99d4073b617d30288f569d3f13d2bd7548c3a7e4c8de87db09a9d29bb3a4a60c",
                "sha256:dafc7639cde7f1b6e1acc0f457842a83e722ccca8eef5270af2d74792619a89f"
            ],
            "version": "==3.7.4.3"
        },
        "urllib3": {
            "hashes": [
                "sha256:2f4da4594db7e1e110a944bb1b551fdf4e6c136ad42e4234131391e21eb5b0df",
                "sha256:e7b021f7241115872f92f43c6508082facffbd1c048e3c6e2bb9c2a157e28937"
            ],
            "markers": "python_version >= '2.7' and python_version not in '3.0, 3.1, 3.2, 3.3, 3.4' and python_version < '4'",
            "version": "==1.26.4"
        }
    },
    "develop": {}
}
